// !$*UTF8*$!
{
	archiveVersion = 1;
	classes = {
	};
	objectVersion = 46;
	objects = {

/* Begin PBXBuildFile section */
		D5043BCB18A2484800F3B297 /* history_common.cxx in Sources */ = {isa = PBXBuildFile; fileRef = D5043BCA18A2484800F3B297 /* history_common.cxx */; };
		D5043BCD18A2485800F3B297 /* history_midas.cxx in Sources */ = {isa = PBXBuildFile; fileRef = D5043BCC18A2485800F3B297 /* history_midas.cxx */; };
		D51868561C8880DD0061AEEE /* midas_cxx.cxx in Sources */ = {isa = PBXBuildFile; fileRef = D51868551C8880DD0061AEEE /* midas_cxx.cxx */; };
		D51A109D1798772E00ED6F5F /* mxml.c in Sources */ = {isa = PBXBuildFile; fileRef = D51A109B1798772E00ED6F5F /* mxml.c */; };
		D51A109E1798772E00ED6F5F /* strlcpy.c in Sources */ = {isa = PBXBuildFile; fileRef = D51A109C1798772E00ED6F5F /* strlcpy.c */; };
		D51B325E1BB3FCAA0015F608 /* mjson.cxx in Sources */ = {isa = PBXBuildFile; fileRef = D51B325D1BB3FCAA0015F608 /* mjson.cxx */; };
		D530FC761BB3FC1900098C9B /* mjsonrpc.cxx in Sources */ = {isa = PBXBuildFile; fileRef = D530FC751BB3FC1900098C9B /* mjsonrpc.cxx */; };
		D530FC781BB3FC4800098C9B /* mjsonrpc_user.cxx in Sources */ = {isa = PBXBuildFile; fileRef = D530FC771BB3FC4800098C9B /* mjsonrpc_user.cxx */; };
		D534757E183A1979004316B0 /* mongoose6.c in Sources */ = {isa = PBXBuildFile; fileRef = D534757D183A1979004316B0 /* mongoose6.c */; };
		D5705992179871EA00DA5416 /* alarm.c in Sources */ = {isa = PBXBuildFile; fileRef = D5705987179871EA00DA5416 /* alarm.c */; };
		D5705993179871EA00DA5416 /* elog.c in Sources */ = {isa = PBXBuildFile; fileRef = D5705988179871EA00DA5416 /* elog.c */; };
		D5705995179871EA00DA5416 /* history_odbc.cxx in Sources */ = {isa = PBXBuildFile; fileRef = D570598A179871EA00DA5416 /* history_odbc.cxx */; };
		D5705996179871EA00DA5416 /* history.c in Sources */ = {isa = PBXBuildFile; fileRef = D570598B179871EA00DA5416 /* history.c */; };
		D5705997179871EA00DA5416 /* mhttpd.cxx in Sources */ = {isa = PBXBuildFile; fileRef = D570598C179871EA00DA5416 /* mhttpd.cxx */; };
		D5705998179871EA00DA5416 /* midas.c in Sources */ = {isa = PBXBuildFile; fileRef = D570598D179871EA00DA5416 /* midas.c */; };
		D5705999179871EA00DA5416 /* mrpc.c in Sources */ = {isa = PBXBuildFile; fileRef = D570598E179871EA00DA5416 /* mrpc.c */; };
		D570599A179871EA00DA5416 /* odb.c in Sources */ = {isa = PBXBuildFile; fileRef = D570598F179871EA00DA5416 /* odb.c */; };
		D570599B179871EA00DA5416 /* sequencer.cxx in Sources */ = {isa = PBXBuildFile; fileRef = D5705990179871EA00DA5416 /* sequencer.cxx */; };
		D570599C179871EA00DA5416 /* system.c in Sources */ = {isa = PBXBuildFile; fileRef = D5705991179871EA00DA5416 /* system.c */; };
		D5A00FB81BB3FCFF00549585 /* json_paste.cxx in Sources */ = {isa = PBXBuildFile; fileRef = D5A00FB71BB3FCFF00549585 /* json_paste.cxx */; };
		D5C8CD7D1ACC0797008B1201 /* mscb.c in Sources */ = {isa = PBXBuildFile; fileRef = D5C8CD7B1ACC0797008B1201 /* mscb.c */; };
		D5C8CD7E1ACC0797008B1201 /* mscbrpc.c in Sources */ = {isa = PBXBuildFile; fileRef = D5C8CD7C1ACC0797008B1201 /* mscbrpc.c */; };
		D5CA47D71B5081D9004C613F /* libcrypto.a in Frameworks */ = {isa = PBXBuildFile; fileRef = D5CA47D51B5081D9004C613F /* libcrypto.a */; };
		D5CA47D81B5081D9004C613F /* libssl.a in Frameworks */ = {isa = PBXBuildFile; fileRef = D5CA47D61B5081D9004C613F /* libssl.a */; };
		D5F40E0A179876ED004CBF77 /* mgd.c in Sources */ = {isa = PBXBuildFile; fileRef = D5F40E09179876ED004CBF77 /* mgd.c */; };
		D5FBFAE517BE1B49000025D7 /* history_schema.cxx in Sources */ = {isa = PBXBuildFile; fileRef = D5FBFAE417BE1B49000025D7 /* history_schema.cxx */; };
/* End PBXBuildFile section */

/* Begin PBXCopyFilesBuildPhase section */
		D570596117986E2F00DA5416 /* CopyFiles */ = {
			isa = PBXCopyFilesBuildPhase;
			buildActionMask = 2147483647;
			dstPath = /usr/share/man/man1/;
			dstSubfolderSpec = 0;
			files = (
			);
			runOnlyForDeploymentPostprocessing = 1;
		};
/* End PBXCopyFilesBuildPhase section */

/* Begin PBXFileReference section */
		D5043BCA18A2484800F3B297 /* history_common.cxx */ = {isa = PBXFileReference; fileEncoding = 4; lastKnownFileType = sourcecode.cpp.cpp; name = history_common.cxx; path = /midas/src/history_common.cxx; sourceTree = "<absolute>"; };
		D5043BCC18A2485800F3B297 /* history_midas.cxx */ = {isa = PBXFileReference; fileEncoding = 4; lastKnownFileType = sourcecode.cpp.cpp; name = history_midas.cxx; path = /midas/src/history_midas.cxx; sourceTree = "<absolute>"; };
		D51868551C8880DD0061AEEE /* midas_cxx.cxx */ = {isa = PBXFileReference; fileEncoding = 4; lastKnownFileType = sourcecode.cpp.cpp; name = midas_cxx.cxx; path = /midas/src/midas_cxx.cxx; sourceTree = "<absolute>"; };
		D51A109B1798772E00ED6F5F /* mxml.c */ = {isa = PBXFileReference; fileEncoding = 4; lastKnownFileType = sourcecode.c.c; name = mxml.c; path = /mxml/mxml.c; sourceTree = "<absolute>"; };
		D51A109C1798772E00ED6F5F /* strlcpy.c */ = {isa = PBXFileReference; fileEncoding = 4; lastKnownFileType = sourcecode.c.c; name = strlcpy.c; path = /mxml/strlcpy.c; sourceTree = "<absolute>"; };
		D51B325D1BB3FCAA0015F608 /* mjson.cxx */ = {isa = PBXFileReference; fileEncoding = 4; lastKnownFileType = sourcecode.cpp.cpp; name = mjson.cxx; path = /midas/src/mjson.cxx; sourceTree = "<group>"; };
		D530FC751BB3FC1900098C9B /* mjsonrpc.cxx */ = {isa = PBXFileReference; fileEncoding = 4; lastKnownFileType = sourcecode.cpp.cpp; name = mjsonrpc.cxx; path = /midas/src/mjsonrpc.cxx; sourceTree = "<group>"; };
		D530FC771BB3FC4800098C9B /* mjsonrpc_user.cxx */ = {isa = PBXFileReference; fileEncoding = 4; lastKnownFileType = sourcecode.cpp.cpp; name = mjsonrpc_user.cxx; path = /midas/src/mjsonrpc_user.cxx; sourceTree = "<group>"; };
		D534757D183A1979004316B0 /* mongoose6.c */ = {isa = PBXFileReference; fileEncoding = 4; lastKnownFileType = sourcecode.c.c; name = mongoose6.c; path = /midas/src/mongoose6.c; sourceTree = "<absolute>"; };
		D551953D1D10159A005B66A7 /* mongoose6.h */ = {isa = PBXFileReference; fileEncoding = 4; lastKnownFileType = sourcecode.c.h; name = mongoose6.h; path = /midas/include/mongoose6.h; sourceTree = "<group>"; };
		D570596317986E2F00DA5416 /* mhttpd */ = {isa = PBXFileReference; explicitFileType = "compiled.mach-o.executable"; includeInIndex = 0; path = mhttpd; sourceTree = BUILT_PRODUCTS_DIR; };
		D5705987179871EA00DA5416 /* alarm.c */ = {isa = PBXFileReference; fileEncoding = 4; lastKnownFileType = sourcecode.c.c; name = alarm.c; path = /midas/src/alarm.c; sourceTree = "<absolute>"; };
		D5705988179871EA00DA5416 /* elog.c */ = {isa = PBXFileReference; fileEncoding = 4; lastKnownFileType = sourcecode.c.c; name = elog.c; path = /midas/src/elog.c; sourceTree = "<absolute>"; };
		D570598A179871EA00DA5416 /* history_odbc.cxx */ = {isa = PBXFileReference; fileEncoding = 4; lastKnownFileType = sourcecode.cpp.cpp; name = history_odbc.cxx; path = /midas/src/history_odbc.cxx; sourceTree = "<absolute>"; };
		D570598B179871EA00DA5416 /* history.c */ = {isa = PBXFileReference; fileEncoding = 4; lastKnownFileType = sourcecode.c.c; name = history.c; path = /midas/src/history.c; sourceTree = "<absolute>"; };
		D570598C179871EA00DA5416 /* mhttpd.cxx */ = {isa = PBXFileReference; fileEncoding = 4; lastKnownFileType = sourcecode.cpp.cpp; name = mhttpd.cxx; path = /midas/src/mhttpd.cxx; sourceTree = "<absolute>"; };
		D570598D179871EA00DA5416 /* midas.c */ = {isa = PBXFileReference; fileEncoding = 4; lastKnownFileType = sourcecode.c.c; name = midas.c; path = /midas/src/midas.c; sourceTree = "<absolute>"; };
		D570598E179871EA00DA5416 /* mrpc.c */ = {isa = PBXFileReference; fileEncoding = 4; lastKnownFileType = sourcecode.c.c; name = mrpc.c; path = /midas/src/mrpc.c; sourceTree = "<absolute>"; };
		D570598F179871EA00DA5416 /* odb.c */ = {isa = PBXFileReference; fileEncoding = 4; lastKnownFileType = sourcecode.c.c; name = odb.c; path = /midas/src/odb.c; sourceTree = "<absolute>"; };
		D5705990179871EA00DA5416 /* sequencer.cxx */ = {isa = PBXFileReference; fileEncoding = 4; lastKnownFileType = sourcecode.cpp.cpp; name = sequencer.cxx; path = /midas/src/sequencer.cxx; sourceTree = "<abolute>"; };
		D5705991179871EA00DA5416 /* system.c */ = {isa = PBXFileReference; fileEncoding = 4; lastKnownFileType = sourcecode.c.c; name = system.c; path = /midas/src/system.c; sourceTree = "<absolute>"; };
		D570599D1798722600DA5416 /* midas.h */ = {isa = PBXFileReference; fileEncoding = 4; lastKnownFileType = sourcecode.c.h; name = midas.h; path = "/midas//include/midas.h"; sourceTree = "<absolute>"; };
		D570599E1798722600DA5416 /* midasinc.h */ = {isa = PBXFileReference; fileEncoding = 4; lastKnownFileType = sourcecode.c.h; name = midasinc.h; path = /midas/include/midasinc.h; sourceTree = "<absolute>"; };
		D570599F1798722600DA5416 /* msystem.h */ = {isa = PBXFileReference; fileEncoding = 4; lastKnownFileType = sourcecode.c.h; name = msystem.h; path = /midas/include/msystem.h; sourceTree = "<absolute>"; };
		D582A1A21F17D1070028A0F5 /* messages.html */ = {isa = PBXFileReference; fileEncoding = 4; lastKnownFileType = text.html; name = messages.html; path = /midas/resources/messages.html; sourceTree = "<group>"; };
		D582A1A31F17D13F0028A0F5 /* alarms.html */ = {isa = PBXFileReference; fileEncoding = 4; lastKnownFileType = text.html; name = alarms.html; path = /midas/resources/alarms.html; sourceTree = "<group>"; };
		D582A1A41F17D13F0028A0F5 /* example.html */ = {isa = PBXFileReference; fileEncoding = 4; lastKnownFileType = text.html; name = example.html; path = /midas/resources/example.html; sourceTree = "<group>"; };
		D582A1A51F17D13F0028A0F5 /* programs.html */ = {isa = PBXFileReference; fileEncoding = 4; lastKnownFileType = text.html; name = programs.html; path = /midas/resources/programs.html; sourceTree = "<group>"; };
		D582A1A61F17D13F0028A0F5 /* start.html */ = {isa = PBXFileReference; fileEncoding = 4; lastKnownFileType = text.html; name = start.html; path = /midas/resources/start.html; sourceTree = "<group>"; };
		D582A1A71F17D13F0028A0F5 /* transition.html */ = {isa = PBXFileReference; fileEncoding = 4; lastKnownFileType = text.html; name = transition.html; path = /midas/resources/transition.html; sourceTree = "<group>"; };
		D582A1A81F17E2290028A0F5 /* midas.css */ = {isa = PBXFileReference; fileEncoding = 4; lastKnownFileType = text.css; name = midas.css; path = /midas/resources/midas.css; sourceTree = "<group>"; };
		D59C71AF1F16EDD900D7B04B /* midas.js */ = {isa = PBXFileReference; fileEncoding = 4; lastKnownFileType = sourcecode.javascript; name = midas.js; path = /midas/resources/midas.js; sourceTree = "<group>"; };
		D59C71B01F16EDFC00D7B04B /* obsolete.js */ = {isa = PBXFileReference; fileEncoding = 4; lastKnownFileType = sourcecode.javascript; name = obsolete.js; path = /midas/resources/obsolete.js; sourceTree = "<group>"; };
		D5A00FB71BB3FCFF00549585 /* json_paste.cxx */ = {isa = PBXFileReference; fileEncoding = 4; lastKnownFileType = sourcecode.cpp.cpp; name = json_paste.cxx; path = /midas/src/json_paste.cxx; sourceTree = "<group>"; };
		D5BE377E17BCE2B3004233D8 /* mhttpd.css */ = {isa = PBXFileReference; fileEncoding = 4; lastKnownFileType = text.css; name = mhttpd.css; path = /midas/resources/mhttpd.css; sourceTree = "<absolute>"; };
		D5BE377F17BCE2B3004233D8 /* mhttpd.js */ = {isa = PBXFileReference; fileEncoding = 4; lastKnownFileType = sourcecode.javascript; name = mhttpd.js; path = /midas/resources/mhttpd.js; sourceTree = "<absolute>"; };
		D5C8CD7B1ACC0797008B1201 /* mscb.c */ = {isa = PBXFileReference; fileEncoding = 4; lastKnownFileType = sourcecode.c.c; name = mscb.c; path = /mscb/src/mscb.c; sourceTree = "<group>"; };
		D5C8CD7C1ACC0797008B1201 /* mscbrpc.c */ = {isa = PBXFileReference; fileEncoding = 4; lastKnownFileType = sourcecode.c.c; name = mscbrpc.c; path = /mscb/src/mscbrpc.c; sourceTree = "<group>"; };
		D5C8CD7F1ACC07AF008B1201 /* mscb.h */ = {isa = PBXFileReference; fileEncoding = 4; lastKnownFileType = sourcecode.c.h; name = mscb.h; path = /mscb/include/mscb.h; sourceTree = "<group>"; };
		D5CA47D51B5081D9004C613F /* libcrypto.a */ = {isa = PBXFileReference; lastKnownFileType = archive.ar; name = libcrypto.a; path = /opt/local/lib/libcrypto.a; sourceTree = "<group>"; };
		D5CA47D61B5081D9004C613F /* libssl.a */ = {isa = PBXFileReference; lastKnownFileType = archive.ar; name = libssl.a; path = /opt/local/lib/libssl.a; sourceTree = "<group>"; };
		D5F40E09179876ED004CBF77 /* mgd.c */ = {isa = PBXFileReference; fileEncoding = 4; lastKnownFileType = sourcecode.c.c; name = mgd.c; path = /midas/src/mgd.c; sourceTree = "<absolute>"; };
		D5FBFAE417BE1B49000025D7 /* history_schema.cxx */ = {isa = PBXFileReference; fileEncoding = 4; lastKnownFileType = sourcecode.cpp.cpp; name = history_schema.cxx; path = /midas/src/history_schema.cxx; sourceTree = "<absolute>"; };
/* End PBXFileReference section */

/* Begin PBXFrameworksBuildPhase section */
		D570596017986E2F00DA5416 /* Frameworks */ = {
			isa = PBXFrameworksBuildPhase;
			buildActionMask = 2147483647;
			files = (
				D5CA47D81B5081D9004C613F /* libssl.a in Frameworks */,
				D5CA47D71B5081D9004C613F /* libcrypto.a in Frameworks */,
			);
			runOnlyForDeploymentPostprocessing = 0;
		};
/* End PBXFrameworksBuildPhase section */

/* Begin PBXGroup section */
		D570595A17986E2F00DA5416 = {
			isa = PBXGroup;
			children = (
				D570596517986E2F00DA5416 /* mhttpd */,
				D5CA47D41B5081A7004C613F /* Libraries */,
				D570596417986E2F00DA5416 /* Products */,
			);
			sourceTree = "<group>";
		};
		D570596417986E2F00DA5416 /* Products */ = {
			isa = PBXGroup;
			children = (
				D570596317986E2F00DA5416 /* mhttpd */,
			);
			name = Products;
			sourceTree = "<group>";
		};
		D570596517986E2F00DA5416 /* mhttpd */ = {
			isa = PBXGroup;
			children = (
				D5BE377D17BCE29C004233D8 /* Resources */,
				D570598617986EFF00DA5416 /* Sources */,
				D570598517986EF300DA5416 /* Includes */,
			);
			path = mhttpd;
			sourceTree = "<group>";
		};
		D570598517986EF300DA5416 /* Includes */ = {
			isa = PBXGroup;
			children = (
				D551953D1D10159A005B66A7 /* mongoose6.h */,
				D5C8CD7F1ACC07AF008B1201 /* mscb.h */,
				D570599D1798722600DA5416 /* midas.h */,
				D570599E1798722600DA5416 /* midasinc.h */,
				D570599F1798722600DA5416 /* msystem.h */,
			);
			name = Includes;
			sourceTree = "<group>";
		};
		D570598617986EFF00DA5416 /* Sources */ = {
			isa = PBXGroup;
			children = (
				D51868551C8880DD0061AEEE /* midas_cxx.cxx */,
				D5A00FB71BB3FCFF00549585 /* json_paste.cxx */,
				D51B325D1BB3FCAA0015F608 /* mjson.cxx */,
				D530FC771BB3FC4800098C9B /* mjsonrpc_user.cxx */,
				D530FC751BB3FC1900098C9B /* mjsonrpc.cxx */,
				D5C8CD7B1ACC0797008B1201 /* mscb.c */,
				D5C8CD7C1ACC0797008B1201 /* mscbrpc.c */,
				D5043BCC18A2485800F3B297 /* history_midas.cxx */,
				D5043BCA18A2484800F3B297 /* history_common.cxx */,
				D534757D183A1979004316B0 /* mongoose6.c */,
				D51A109B1798772E00ED6F5F /* mxml.c */,
				D51A109C1798772E00ED6F5F /* strlcpy.c */,
				D5F40E09179876ED004CBF77 /* mgd.c */,
				D5705987179871EA00DA5416 /* alarm.c */,
				D5705988179871EA00DA5416 /* elog.c */,
				D570598A179871EA00DA5416 /* history_odbc.cxx */,
				D5FBFAE417BE1B49000025D7 /* history_schema.cxx */,
				D570598B179871EA00DA5416 /* history.c */,
				D570598C179871EA00DA5416 /* mhttpd.cxx */,
				D570598D179871EA00DA5416 /* midas.c */,
				D570598E179871EA00DA5416 /* mrpc.c */,
				D570598F179871EA00DA5416 /* odb.c */,
				D5705990179871EA00DA5416 /* sequencer.cxx */,
				D5705991179871EA00DA5416 /* system.c */,
			);
			name = Sources;
			sourceTree = "<group>";
		};
		D5BE377D17BCE29C004233D8 /* Resources */ = {
			isa = PBXGroup;
			children = (
				D582A1A31F17D13F0028A0F5 /* alarms.html */,
				D582A1A41F17D13F0028A0F5 /* example.html */,
				D582A1A51F17D13F0028A0F5 /* programs.html */,
				D582A1A61F17D13F0028A0F5 /* start.html */,
				D582A1A71F17D13F0028A0F5 /* transition.html */,
				D582A1A21F17D1070028A0F5 /* messages.html */,
				D59C71B01F16EDFC00D7B04B /* obsolete.js */,
				D59C71AF1F16EDD900D7B04B /* midas.js */,
				D5BE377F17BCE2B3004233D8 /* mhttpd.js */,
				D5BE377E17BCE2B3004233D8 /* mhttpd.css */,
				D582A1A81F17E2290028A0F5 /* midas.css */,
			);
			name = Resources;
			sourceTree = "<group>";
		};
		D5CA47D41B5081A7004C613F /* Libraries */ = {
			isa = PBXGroup;
			children = (
				D5CA47D51B5081D9004C613F /* libcrypto.a */,
				D5CA47D61B5081D9004C613F /* libssl.a */,
			);
			name = Libraries;
			path = mhttpd;
			sourceTree = "<group>";
		};
/* End PBXGroup section */

/* Begin PBXNativeTarget section */
		D570596217986E2F00DA5416 /* mhttpd */ = {
			isa = PBXNativeTarget;
			buildConfigurationList = D570596C17986E2F00DA5416 /* Build configuration list for PBXNativeTarget "mhttpd" */;
			buildPhases = (
				D570595F17986E2F00DA5416 /* Sources */,
				D570596017986E2F00DA5416 /* Frameworks */,
				D570596117986E2F00DA5416 /* CopyFiles */,
			);
			buildRules = (
			);
			dependencies = (
			);
			name = mhttpd;
			productName = mhttpd;
			productReference = D570596317986E2F00DA5416 /* mhttpd */;
			productType = "com.apple.product-type.tool";
		};
/* End PBXNativeTarget section */

/* Begin PBXProject section */
		D570595B17986E2F00DA5416 /* Project object */ = {
			isa = PBXProject;
			attributes = {
				LastUpgradeCheck = 0800;
				ORGANIZATIONNAME = "Stefan Ritt";
			};
			buildConfigurationList = D570595E17986E2F00DA5416 /* Build configuration list for PBXProject "mhttpd" */;
			compatibilityVersion = "Xcode 3.2";
			developmentRegion = English;
			hasScannedForEncodings = 0;
			knownRegions = (
				en,
			);
			mainGroup = D570595A17986E2F00DA5416;
			productRefGroup = D570596417986E2F00DA5416 /* Products */;
			projectDirPath = "";
			projectRoot = "";
			targets = (
				D570596217986E2F00DA5416 /* mhttpd */,
			);
		};
/* End PBXProject section */

/* Begin PBXSourcesBuildPhase section */
		D570595F17986E2F00DA5416 /* Sources */ = {
			isa = PBXSourcesBuildPhase;
			buildActionMask = 2147483647;
			files = (
				D5705992179871EA00DA5416 /* alarm.c in Sources */,
				D51B325E1BB3FCAA0015F608 /* mjson.cxx in Sources */,
				D530FC781BB3FC4800098C9B /* mjsonrpc_user.cxx in Sources */,
				D5705993179871EA00DA5416 /* elog.c in Sources */,
				D5C8CD7D1ACC0797008B1201 /* mscb.c in Sources */,
				D5C8CD7E1ACC0797008B1201 /* mscbrpc.c in Sources */,
				D5705995179871EA00DA5416 /* history_odbc.cxx in Sources */,
				D530FC761BB3FC1900098C9B /* mjsonrpc.cxx in Sources */,
				D5705996179871EA00DA5416 /* history.c in Sources */,
				D5705997179871EA00DA5416 /* mhttpd.cxx in Sources */,
				D5705998179871EA00DA5416 /* midas.c in Sources */,
				D5705999179871EA00DA5416 /* mrpc.c in Sources */,
				D5043BCD18A2485800F3B297 /* history_midas.cxx in Sources */,
				D570599A179871EA00DA5416 /* odb.c in Sources */,
				D51868561C8880DD0061AEEE /* midas_cxx.cxx in Sources */,
				D5A00FB81BB3FCFF00549585 /* json_paste.cxx in Sources */,
				D570599B179871EA00DA5416 /* sequencer.cxx in Sources */,
				D534757E183A1979004316B0 /* mongoose6.c in Sources */,
				D570599C179871EA00DA5416 /* system.c in Sources */,
				D5F40E0A179876ED004CBF77 /* mgd.c in Sources */,
				D51A109D1798772E00ED6F5F /* mxml.c in Sources */,
				D51A109E1798772E00ED6F5F /* strlcpy.c in Sources */,
				D5FBFAE517BE1B49000025D7 /* history_schema.cxx in Sources */,
				D5043BCB18A2484800F3B297 /* history_common.cxx in Sources */,
			);
			runOnlyForDeploymentPostprocessing = 0;
		};
/* End PBXSourcesBuildPhase section */

/* Begin XCBuildConfiguration section */
		D570596A17986E2F00DA5416 /* Debug */ = {
			isa = XCBuildConfiguration;
			buildSettings = {
				ALWAYS_SEARCH_USER_PATHS = NO;
				CLANG_CXX_LANGUAGE_STANDARD = "gnu++0x";
				CLANG_CXX_LIBRARY = "libc++";
				CLANG_ENABLE_OBJC_ARC = YES;
				CLANG_WARN_BOOL_CONVERSION = YES;
				CLANG_WARN_CONSTANT_CONVERSION = YES;
				CLANG_WARN_EMPTY_BODY = YES;
				CLANG_WARN_ENUM_CONVERSION = YES;
				CLANG_WARN_INFINITE_RECURSION = YES;
				CLANG_WARN_INT_CONVERSION = YES;
				CLANG_WARN_SUSPICIOUS_MOVE = YES;
				CLANG_WARN_UNREACHABLE_CODE = YES;
				CLANG_WARN__DUPLICATE_METHOD_MATCH = YES;
				COPY_PHASE_STRIP = NO;
				ENABLE_STRICT_OBJC_MSGSEND = YES;
				ENABLE_TESTABILITY = YES;
				GCC_C_LANGUAGE_STANDARD = gnu99;
				GCC_DYNAMIC_NO_PIC = NO;
				GCC_ENABLE_OBJC_EXCEPTIONS = YES;
				GCC_NO_COMMON_BLOCKS = YES;
				GCC_OPTIMIZATION_LEVEL = 0;
				GCC_PREPROCESSOR_DEFINITIONS = (
					"DEBUG=1",
					"$(inherited)",
				);
				GCC_SYMBOLS_PRIVATE_EXTERN = NO;
				GCC_WARN_64_TO_32_BIT_CONVERSION = YES;
				GCC_WARN_ABOUT_RETURN_TYPE = YES;
				GCC_WARN_UNDECLARED_SELECTOR = YES;
				GCC_WARN_UNINITIALIZED_AUTOS = YES;
				GCC_WARN_UNUSED_FUNCTION = YES;
				GCC_WARN_UNUSED_VARIABLE = YES;
				HEADER_SEARCH_PATHS = (
					"$(inherited)",
					/Applications/Xcode.app/Contents/Developer/Toolchains/XcodeDefault.xctoolchain/usr/include,
				);
				MACOSX_DEPLOYMENT_TARGET = 10.8;
				ONLY_ACTIVE_ARCH = YES;
				SDKROOT = macosx;
			};
			name = Debug;
		};
		D570596B17986E2F00DA5416 /* Release */ = {
			isa = XCBuildConfiguration;
			buildSettings = {
				ALWAYS_SEARCH_USER_PATHS = NO;
				CLANG_CXX_LANGUAGE_STANDARD = "gnu++0x";
				CLANG_CXX_LIBRARY = "libc++";
				CLANG_ENABLE_OBJC_ARC = YES;
				CLANG_WARN_BOOL_CONVERSION = YES;
				CLANG_WARN_CONSTANT_CONVERSION = YES;
				CLANG_WARN_EMPTY_BODY = YES;
				CLANG_WARN_ENUM_CONVERSION = YES;
				CLANG_WARN_INFINITE_RECURSION = YES;
				CLANG_WARN_INT_CONVERSION = YES;
				CLANG_WARN_SUSPICIOUS_MOVE = YES;
				CLANG_WARN_UNREACHABLE_CODE = YES;
				CLANG_WARN__DUPLICATE_METHOD_MATCH = YES;
				COPY_PHASE_STRIP = YES;
				DEBUG_INFORMATION_FORMAT = "dwarf-with-dsym";
				ENABLE_STRICT_OBJC_MSGSEND = YES;
				GCC_C_LANGUAGE_STANDARD = gnu99;
				GCC_ENABLE_OBJC_EXCEPTIONS = YES;
				GCC_NO_COMMON_BLOCKS = YES;
				GCC_WARN_64_TO_32_BIT_CONVERSION = YES;
				GCC_WARN_ABOUT_RETURN_TYPE = YES;
				GCC_WARN_UNDECLARED_SELECTOR = YES;
				GCC_WARN_UNINITIALIZED_AUTOS = YES;
				GCC_WARN_UNUSED_FUNCTION = YES;
				GCC_WARN_UNUSED_VARIABLE = YES;
				HEADER_SEARCH_PATHS = (
					"$(inherited)",
					/Applications/Xcode.app/Contents/Developer/Toolchains/XcodeDefault.xctoolchain/usr/include,
				);
				MACOSX_DEPLOYMENT_TARGET = 10.8;
				SDKROOT = macosx;
			};
			name = Release;
		};
		D570596D17986E2F00DA5416 /* Debug */ = {
			isa = XCBuildConfiguration;
			buildSettings = {
				GCC_PREPROCESSOR_DEFINITIONS = (
					DEBUG,
					OS_LINUX,
					OS_DARWIN,
					USE_POSIX_SHM,
					HAVE_MSCB,
					HAVE_STRLCPY,
					HAVE_MG6,
					HAVE_MG,
					MG_ENABLE_SSL,
					MG_ENABLE_THREADS,
				);
				GCC_WARN_64_TO_32_BIT_CONVERSION = NO;
				HEADER_SEARCH_PATHS = (
					/mscb/include,
					/midas/include,
					/mxml,
					/opt/local/include,
				);
				LIBRARY_SEARCH_PATHS = (
					"$(inherited)",
					/opt/local/lib,
				);
				PRODUCT_NAME = "$(TARGET_NAME)";
			};
			name = Debug;
		};
		D570596E17986E2F00DA5416 /* Release */ = {
			isa = XCBuildConfiguration;
			buildSettings = {
				GCC_PREPROCESSOR_DEFINITIONS = (
					OS_LINUX,
					OS_DARWIN,
					USE_POSIX_SHM,
					HAVE_MSCB,
					HAVE_STRLCPY,
				);
				GCC_WARN_64_TO_32_BIT_CONVERSION = NO;
				HEADER_SEARCH_PATHS = (
					/mscb/include,
					/midas/include,
					/mxml,
					/opt/local/include,
				);
				LIBRARY_SEARCH_PATHS = (
					"$(inherited)",
					/opt/local/lib,
				);
				PRODUCT_NAME = "$(TARGET_NAME)";
			};
			name = Release;
		};
/* End XCBuildConfiguration section */

/* Begin XCConfigurationList section */
		D570595E17986E2F00DA5416 /* Build configuration list for PBXProject "mhttpd" */ = {
			isa = XCConfigurationList;
			buildConfigurations = (
				D570596A17986E2F00DA5416 /* Debug */,
				D570596B17986E2F00DA5416 /* Release */,
			);
			defaultConfigurationIsVisible = 0;
			defaultConfigurationName = Release;
		};
		D570596C17986E2F00DA5416 /* Build configuration list for PBXNativeTarget "mhttpd" */ = {
			isa = XCConfigurationList;
			buildConfigurations = (
				D570596D17986E2F00DA5416 /* Debug */,
				D570596E17986E2F00DA5416 /* Release */,
			);
			defaultConfigurationIsVisible = 0;
			defaultConfigurationName = Release;
		};
/* End XCConfigurationList section */
	};
	rootObject = D570595B17986E2F00DA5416 /* Project object */;
}
